
Microsoft Visual Studio Solution File, Format Version 12.00
# Visual Studio 15
VisualStudioVersion = 15.0.28307.168
MinimumVisualStudioVersion = 10.0.40219.1
Project("{FAE04EC0-301F-11D3-BF4B-00C04F79EFBC}") = "RestServer", "RestServer\RestServer.csproj", "{45E8DF57-CB42-429B-852C-10169097DD9D}"
	ProjectSection(ProjectDependencies) = postProject
		{93D69982-B5E5-43E5-A84A-E87AECC69E0C} = {93D69982-B5E5-43E5-A84A-E87AECC69E0C}
	EndProjectSection
EndProject
Project("{9A19103F-16F7-4668-BE54-9A1E7A4F7556}") = "SharedData", "DataTransferObjects\SharedData.csproj", "{93D69982-B5E5-43E5-A84A-E87AECC69E0C}"
EndProject
Project("{FAE04EC0-301F-11D3-BF4B-00C04F79EFBC}") = "RestClient", "RestClient\RestClient.csproj", "{912549D7-292F-4313-B4D2-5A44A35FF1AD}"
EndProject
Global
	GlobalSection(SolutionConfigurationPlatforms) = preSolution
		Debug|Any CPU = Debug|Any CPU
		Release|Any CPU = Release|Any CPU
	EndGlobalSection
	GlobalSection(ProjectConfigurationPlatforms) = postSolution
		{45E8DF57-CB42-429B-852C-10169097DD9D}.Debug|Any CPU.ActiveCfg = Debug|Any CPU
		{45E8DF57-CB42-429B-852C-10169097DD9D}.Debug|Any CPU.Build.0 = Debug|Any CPU
		{45E8DF57-CB42-429B-852C-10169097DD9D}.Release|Any CPU.ActiveCfg = Release|Any CPU
		{45E8DF57-CB42-429B-852C-10169097DD9D}.Release|Any CPU.Build.0 = Release|Any CPU
		{93D69982-B5E5-43E5-A84A-E87AECC69E0C}.Debug|Any CPU.ActiveCfg = Debug|Any CPU
		{93D69982-B5E5-43E5-A84A-E87AECC69E0C}.Debug|Any CPU.Build.0 = Debug|Any CPU
		{93D69982-B5E5-43E5-A84A-E87AECC69E0C}.Release|Any CPU.ActiveCfg = Release|Any CPU
		{93D69982-B5E5-43E5-A84A-E87AECC69E0C}.Release|Any CPU.Build.0 = Release|Any CPU
		{912549D7-292F-4313-B4D2-5A44A35FF1AD}.Debug|Any CPU.ActiveCfg = Debug|Any CPU
		{912549D7-292F-4313-B4D2-5A44A35FF1AD}.Debug|Any CPU.Build.0 = Debug|Any CPU
		{912549D7-292F-4313-B4D2-5A44A35FF1AD}.Release|Any CPU.ActiveCfg = Release|Any CPU
		{912549D7-292F-4313-B4D2-5A44A35FF1AD}.Release|Any CPU.Build.0 = Release|Any CPU
	EndGlobalSection
	GlobalSection(SolutionProperties) = preSolution
		HideSolutionNode = FALSE
	EndGlobalSection
	GlobalSection(ExtensibilityGlobals) = postSolution
		SolutionGuid = {9E494359-DB26-4BAF-9BBF-6994A78D2803}
	EndGlobalSection
EndGlobal
