
Microsoft Visual Studio Solution File, Format Version 12.00
# Visual Studio 15
VisualStudioVersion = 15.0.28010.2026
MinimumVisualStudioVersion = 10.0.40219.1
Project("{FAE04EC0-301F-11D3-BF4B-00C04F79EFBC}") = "UdpMulticast", "UdpMulticast\UdpMulticast.csproj", "{369EE697-729F-4245-9354-390E7AFE04EF}"
EndProject
Global
	GlobalSection(SolutionConfigurationPlatforms) = preSolution
		Debug|Any CPU = Debug|Any CPU
		Release|Any CPU = Release|Any CPU
	EndGlobalSection
	GlobalSection(ProjectConfigurationPlatforms) = postSolution
		{369EE697-729F-4245-9354-390E7AFE04EF}.Debug|Any CPU.ActiveCfg = Debug|Any CPU
		{369EE697-729F-4245-9354-390E7AFE04EF}.Debug|Any CPU.Build.0 = Debug|Any CPU
		{369EE697-729F-4245-9354-390E7AFE04EF}.Release|Any CPU.ActiveCfg = Release|Any CPU
		{369EE697-729F-4245-9354-390E7AFE04EF}.Release|Any CPU.Build.0 = Release|Any CPU
	EndGlobalSection
	GlobalSection(SolutionProperties) = preSolution
		HideSolutionNode = FALSE
	EndGlobalSection
	GlobalSection(ExtensibilityGlobals) = postSolution
		SolutionGuid = {8CD05E22-A79F-4836-AFE6-58066B308DAB}
	EndGlobalSection
EndGlobal
