
Microsoft Visual Studio Solution File, Format Version 12.00
# Visual Studio 15
VisualStudioVersion = 15.0.28010.2041
MinimumVisualStudioVersion = 10.0.40219.1
Project("{FAE04EC0-301F-11D3-BF4B-00C04F79EFBC}") = "Client", "Client\Client.csproj", "{77E2DB35-0D08-4015-91E5-3175EABD6580}"
EndProject
Project("{FAE04EC0-301F-11D3-BF4B-00C04F79EFBC}") = "Server", "Server\Server.csproj", "{98A6BA8B-5170-49DF-A25B-56C10BE4E7C1}"
EndProject
Project("{9A19103F-16F7-4668-BE54-9A1E7A4F7556}") = "Utilities", "Utilities\Utilities.csproj", "{D587B93D-051F-4476-B9D3-FABF1A736DF0}"
EndProject
Project("{FAE04EC0-301F-11D3-BF4B-00C04F79EFBC}") = "AutomatedTesting", "AutomatedTesting\AutomatedTesting.csproj", "{B2F96EA1-A01F-4B12-9A86-625BEE01C1CB}"
EndProject
Global
	GlobalSection(SolutionConfigurationPlatforms) = preSolution
		Debug|Any CPU = Debug|Any CPU
		Release|Any CPU = Release|Any CPU
	EndGlobalSection
	GlobalSection(ProjectConfigurationPlatforms) = postSolution
		{77E2DB35-0D08-4015-91E5-3175EABD6580}.Debug|Any CPU.ActiveCfg = Debug|Any CPU
		{77E2DB35-0D08-4015-91E5-3175EABD6580}.Debug|Any CPU.Build.0 = Debug|Any CPU
		{77E2DB35-0D08-4015-91E5-3175EABD6580}.Release|Any CPU.ActiveCfg = Release|Any CPU
		{77E2DB35-0D08-4015-91E5-3175EABD6580}.Release|Any CPU.Build.0 = Release|Any CPU
		{98A6BA8B-5170-49DF-A25B-56C10BE4E7C1}.Debug|Any CPU.ActiveCfg = Debug|Any CPU
		{98A6BA8B-5170-49DF-A25B-56C10BE4E7C1}.Debug|Any CPU.Build.0 = Debug|Any CPU
		{98A6BA8B-5170-49DF-A25B-56C10BE4E7C1}.Release|Any CPU.ActiveCfg = Release|Any CPU
		{98A6BA8B-5170-49DF-A25B-56C10BE4E7C1}.Release|Any CPU.Build.0 = Release|Any CPU
		{D587B93D-051F-4476-B9D3-FABF1A736DF0}.Debug|Any CPU.ActiveCfg = Debug|Any CPU
		{D587B93D-051F-4476-B9D3-FABF1A736DF0}.Debug|Any CPU.Build.0 = Debug|Any CPU
		{D587B93D-051F-4476-B9D3-FABF1A736DF0}.Release|Any CPU.ActiveCfg = Release|Any CPU
		{D587B93D-051F-4476-B9D3-FABF1A736DF0}.Release|Any CPU.Build.0 = Release|Any CPU
		{B2F96EA1-A01F-4B12-9A86-625BEE01C1CB}.Debug|Any CPU.ActiveCfg = Debug|Any CPU
		{B2F96EA1-A01F-4B12-9A86-625BEE01C1CB}.Debug|Any CPU.Build.0 = Debug|Any CPU
		{B2F96EA1-A01F-4B12-9A86-625BEE01C1CB}.Release|Any CPU.ActiveCfg = Release|Any CPU
		{B2F96EA1-A01F-4B12-9A86-625BEE01C1CB}.Release|Any CPU.Build.0 = Release|Any CPU
	EndGlobalSection
	GlobalSection(SolutionProperties) = preSolution
		HideSolutionNode = FALSE
	EndGlobalSection
	GlobalSection(ExtensibilityGlobals) = postSolution
		SolutionGuid = {A3B75749-3161-4641-B35D-4AA722623B98}
	EndGlobalSection
EndGlobal
